
Microsoft Visual Studio Solution File, Format Version 12.00
# Visual Studio Version 16
VisualStudioVersion = 16.0.31320.298
MinimumVisualStudioVersion = 10.0.40219.1
Project("{FAE04EC0-301F-11D3-BF4B-00C04F79EFBC}") = "CalculatorApp", "CalculatorApp\CalculatorApp.csproj", "{472CD111-FFBA-4C07-817F-38AB3A40DB38}"
EndProject
Project("{FAE04EC0-301F-11D3-BF4B-00C04F79EFBC}") = "CalculatorApp.Tests", "CalculatorApp.Tests\CalculatorApp.Tests.csproj", "{5E983C57-79A9-4523-8468-101FA082CB97}"
EndProject
Global
	GlobalSection(SolutionConfigurationPlatforms) = preSolution
		Debug|Any CPU = Debug|Any CPU
		Release|Any CPU = Release|Any CPU
	EndGlobalSection
	GlobalSection(ProjectConfigurationPlatforms) = postSolution
		{472CD111-FFBA-4C07-817F-38AB3A40DB38}.Debug|Any CPU.ActiveCfg = Debug|Any CPU
		{472CD111-FFBA-4C07-817F-38AB3A40DB38}.Debug|Any CPU.Build.0 = Debug|Any CPU
		{472CD111-FFBA-4C07-817F-38AB3A40DB38}.Release|Any CPU.ActiveCfg = Release|Any CPU
		{472CD111-FFBA-4C07-817F-38AB3A40DB38}.Release|Any CPU.Build.0 = Release|Any CPU
		{5E983C57-79A9-4523-8468-101FA082CB97}.Debug|Any CPU.ActiveCfg = Debug|Any CPU
		{5E983C57-79A9-4523-8468-101FA082CB97}.Debug|Any CPU.Build.0 = Debug|Any CPU
		{5E983C57-79A9-4523-8468-101FA082CB97}.Release|Any CPU.ActiveCfg = Release|Any CPU
		{5E983C57-79A9-4523-8468-101FA082CB97}.Release|Any CPU.Build.0 = Release|Any CPU
	EndGlobalSection
	GlobalSection(SolutionProperties) = preSolution
		HideSolutionNode = FALSE
	EndGlobalSection
	GlobalSection(ExtensibilityGlobals) = postSolution
		SolutionGuid = {29389852-D5DA-4E74-AC16-DC66CB3E878F}
	EndGlobalSection
EndGlobal
